// !$*UTF8*$!
{
	archiveVersion = 1;
	classes = {
	};
	objectVersion = 77;
	objects = {

/* Begin PBXBuildFile section */
		3380D24E99B51C5F73E18474 /* iOSExploreServer in Frameworks */ = {isa = PBXBuildFile; productRef = 9EB49219D493AEC683ED12AF /* iOSExploreServer */; };
/* End PBXBuildFile section */

/* Begin PBXContainerItemProxy section */
		FBBA972B2FE80598009FFEC3 /* PBXContainerItemProxy */ = {
			isa = PBXContainerItemProxy;
			containerPortal = FBBA970C2FE80597009FFEC3 /* Project object */;
			proxyType = 1;
			remoteGlobalIDString = FBBA97132FE80597009FFEC3;
			remoteInfo = SPMExample;
		};
		FBBA97352FE80598009FFEC3 /* PBXContainerItemProxy */ = {
			isa = PBXContainerItemProxy;
			containerPortal = FBBA970C2FE80597009FFEC3 /* Project object */;
			proxyType = 1;
			remoteGlobalIDString = FBBA97132FE80597009FFEC3;
			remoteInfo = SPMExample;
		};
/* End PBXContainerItemProxy section */

/* Begin PBXFileReference section */
		FBBA97142FE80597009FFEC3 /* SPMExample.app */ = {isa = PBXFileReference; explicitFileType = wrapper.application; includeInIndex = 0; path = SPMExample.app; sourceTree = BUILT_PRODUCTS_DIR; };
		FBBA972A2FE80598009FFEC3 /* SPMExampleTests.xctest */ = {isa = PBXFileReference; explicitFileType = wrapper.cfbundle; includeInIndex = 0; path = SPMExampleTests.xctest; sourceTree = BUILT_PRODUCTS_DIR; };
		FBBA97342FE80598009FFEC3 /* SPMExampleUITests.xctest */ = {isa = PBXFileReference; explicitFileType = wrapper.cfbundle; includeInIndex = 0; path = SPMExampleUITests.xctest; sourceTree = BUILT_PRODUCTS_DIR; };
/* End PBXFileReference section */

/* Begin PBXFileSystemSynchronizedBuildFileExceptionSet section */
		FBBA973C2FE80598009FFEC3 /* Exceptions for "SPMExample" folder in "SPMExample" target */ = {
			isa = PBXFileSystemSynchronizedBuildFileExceptionSet;
			membershipExceptions = (
				Info.plist,
			);
			target = FBBA97132FE80597009FFEC3 /* SPMExample */;
		};
/* End PBXFileSystemSynchronizedBuildFileExceptionSet section */

/* Begin PBXFileSystemSynchronizedRootGroup section */
		FBBA97162FE80597009FFEC3 /* SPMExample */ = {
			isa = PBXFileSystemSynchronizedRootGroup;
			exceptions = (
				FBBA973C2FE80598009FFEC3 /* Exceptions for "SPMExample" folder in "SPMExample" target */,
			);
			path = SPMExample;
			sourceTree = "<group>";
		};
		FBBA972D2FE80598009FFEC3 /* SPMExampleTests */ = {
			isa = PBXFileSystemSynchronizedRootGroup;
			exceptions = (
			);
			path = SPMExampleTests;
			sourceTree = "<group>";
		};
		FBBA97372FE80598009FFEC3 /* SPMExampleUITests */ = {
			isa = PBXFileSystemSynchronizedRootGroup;
			exceptions = (
			);
			path = SPMExampleUITests;
			sourceTree = "<group>";
		};
/* End PBXFileSystemSynchronizedRootGroup section */

/* Begin PBXFrameworksBuildPhase section */
		FBBA97112FE80597009FFEC3 /* Frameworks */ = {
			isa = PBXFrameworksBuildPhase;
			buildActionMask = 2147483647;
			files = (
				3380D24E99B51C5F73E18474 /* iOSExploreServer in Frameworks */,
			);
			runOnlyForDeploymentPostprocessing = 0;
		};
		FBBA97272FE80598009FFEC3 /* Frameworks */ = {
			isa = PBXFrameworksBuildPhase;
			buildActionMask = 2147483647;
			files = (
			);
			runOnlyForDeploymentPostprocessing = 0;
		};
		FBBA97312FE80598009FFEC3 /* Frameworks */ = {
			isa = PBXFrameworksBuildPhase;
			buildActionMask = 2147483647;
			files = (
			);
			runOnlyForDeploymentPostprocessing = 0;
		};
/* End PBXFrameworksBuildPhase section */

/* Begin PBXGroup section */
		FBBA970B2FE80597009FFEC3 = {
			isa = PBXGroup;
			children = (
				FBBA97162FE80597009FFEC3 /* SPMExample */,
				FBBA972D2FE80598009FFEC3 /* SPMExampleTests */,
				FBBA97372FE80598009FFEC3 /* SPMExampleUITests */,
				FBBA97152FE80597009FFEC3 /* Products */,
			);
			sourceTree = "<group>";
		};
		FBBA97152FE80597009FFEC3 /* Products */ = {
			isa = PBXGroup;
			children = (
				FBBA97142FE80597009FFEC3 /* SPMExample.app */,
				FBBA972A2FE80598009FFEC3 /* SPMExampleTests.xctest */,
				FBBA97342FE80598009FFEC3 /* SPMExampleUITests.xctest */,
			);
			name = Products;
			sourceTree = "<group>";
		};
/* End PBXGroup section */

/* Begin PBXNativeTarget section */
		FBBA97132FE80597009FFEC3 /* SPMExample */ = {
			isa = PBXNativeTarget;
			buildConfigurationList = FBBA973D2FE80598009FFEC3 /* Build configuration list for PBXNativeTarget "SPMExample" */;
			buildPhases = (
				FBBA97102FE80597009FFEC3 /* Sources */,
				FBBA97112FE80597009FFEC3 /* Frameworks */,
				FBBA97122FE80597009FFEC3 /* Resources */,
			);
			buildRules = (
			);
			dependencies = (
			);
			fileSystemSynchronizedGroups = (
				FBBA97162FE80597009FFEC3 /* SPMExample */,
			);
			name = SPMExample;
			packageProductDependencies = (
				9EB49219D493AEC683ED12AF /* iOSExploreServer */,
			);
			productName = SPMExample;
			productReference = FBBA97142FE80597009FFEC3 /* SPMExample.app */;
			productType = "com.apple.product-type.application";
		};
		FBBA97292FE80598009FFEC3 /* SPMExampleTests */ = {
			isa = PBXNativeTarget;
			buildConfigurationList = FBBA97422FE80598009FFEC3 /* Build configuration list for PBXNativeTarget "SPMExampleTests" */;
			buildPhases = (
				FBBA97262FE80598009FFEC3 /* Sources */,
				FBBA97272FE80598009FFEC3 /* Frameworks */,
				FBBA97282FE80598009FFEC3 /* Resources */,
			);
			buildRules = (
			);
			dependencies = (
				FBBA972C2FE80598009FFEC3 /* PBXTargetDependency */,
			);
			fileSystemSynchronizedGroups = (
				FBBA972D2FE80598009FFEC3 /* SPMExampleTests */,
			);
			name = SPMExampleTests;
			productName = SPMExampleTests;
			productReference = FBBA972A2FE80598009FFEC3 /* SPMExampleTests.xctest */;
			productType = "com.apple.product-type.bundle.unit-test";
		};
		FBBA97332FE80598009FFEC3 /* SPMExampleUITests */ = {
			isa = PBXNativeTarget;
			buildConfigurationList = FBBA97452FE80598009FFEC3 /* Build configuration list for PBXNativeTarget "SPMExampleUITests" */;
			buildPhases = (
				FBBA97302FE80598009FFEC3 /* Sources */,
				FBBA97312FE80598009FFEC3 /* Frameworks */,
				FBBA97322FE80598009FFEC3 /* Resources */,
			);
			buildRules = (
			);
			dependencies = (
				FBBA97362FE80598009FFEC3 /* PBXTargetDependency */,
			);
			fileSystemSynchronizedGroups = (
				FBBA97372FE80598009FFEC3 /* SPMExampleUITests */,
			);
			name = SPMExampleUITests;
			productName = SPMExampleUITests;
			productReference = FBBA97342FE80598009FFEC3 /* SPMExampleUITests.xctest */;
			productType = "com.apple.product-type.bundle.ui-testing";
		};
/* End PBXNativeTarget section */

/* Begin PBXProject section */
		FBBA970C2FE80597009FFEC3 /* Project object */ = {
			isa = PBXProject;
			attributes = {
				BuildIndependentTargetsInParallel = 1;
				LastSwiftUpdateCheck = 2620;
				LastUpgradeCheck = 2620;
				TargetAttributes = {
					FBBA97132FE80597009FFEC3 = {
						CreatedOnToolsVersion = 26.2;
					};
					FBBA97292FE80598009FFEC3 = {
						CreatedOnToolsVersion = 26.2;
						TestTargetID = FBBA97132FE80597009FFEC3;
					};
					FBBA97332FE80598009FFEC3 = {
						CreatedOnToolsVersion = 26.2;
						TestTargetID = FBBA97132FE80597009FFEC3;
					};
				};
			};
			buildConfigurationList = FBBA970F2FE80597009FFEC3 /* Build configuration list for PBXProject "SPMExample" */;
			developmentRegion = en;
			hasScannedForEncodings = 0;
			knownRegions = (
				en,
				Base,
			);
			mainGroup = FBBA970B2FE80597009FFEC3;
			minimizedProjectReferenceProxies = 1;
			packageReferences = (
				197A958BB5FAEB325867D2B2 /* XCLocalSwiftPackageReference ".." */,
			);
			preferredProjectObjectVersion = 77;
			productRefGroup = FBBA97152FE80597009FFEC3 /* Products */;
			projectDirPath = "";
			projectRoot = "";
			targets = (
				FBBA97132FE80597009FFEC3 /* SPMExample */,
				FBBA97292FE80598009FFEC3 /* SPMExampleTests */,
				FBBA97332FE80598009FFEC3 /* SPMExampleUITests */,
			);
		};
/* End PBXProject section */

/* Begin PBXResourcesBuildPhase section */
		FBBA97122FE80597009FFEC3 /* Resources */ = {
			isa = PBXResourcesBuildPhase;
			buildActionMask = 2147483647;
			files = (
			);
			runOnlyForDeploymentPostprocessing = 0;
		};
		FBBA97282FE80598009FFEC3 /* Resources */ = {
			isa = PBXResourcesBuildPhase;
			buildActionMask = 2147483647;
			files = (
			);
			runOnlyForDeploymentPostprocessing = 0;
		};
		FBBA97322FE80598009FFEC3 /* Resources */ = {
			isa = PBXResourcesBuildPhase;
			buildActionMask = 2147483647;
			files = (
			);
			runOnlyForDeploymentPostprocessing = 0;
		};
/* End PBXResourcesBuildPhase section */

/* Begin PBXSourcesBuildPhase section */
		FBBA97102FE80597009FFEC3 /* Sources */ = {
			isa = PBXSourcesBuildPhase;
			buildActionMask = 2147483647;
			files = (
			);
			runOnlyForDeploymentPostprocessing = 0;
		};
		FBBA97262FE80598009FFEC3 /* Sources */ = {
			isa = PBXSourcesBuildPhase;
			buildActionMask = 2147483647;
			files = (
			);
			runOnlyForDeploymentPostprocessing = 0;
		};
		FBBA97302FE80598009FFEC3 /* Sources */ = {
			isa = PBXSourcesBuildPhase;
			buildActionMask = 2147483647;
			files = (
			);
			runOnlyForDeploymentPostprocessing = 0;
		};
/* End PBXSourcesBuildPhase section */

/* Begin PBXTargetDependency section */
		FBBA972C2FE80598009FFEC3 /* PBXTargetDependency */ = {
			isa = PBXTargetDependency;
			target = FBBA97132FE80597009FFEC3 /* SPMExample */;
			targetProxy = FBBA972B2FE80598009FFEC3 /* PBXContainerItemProxy */;
		};
		FBBA97362FE80598009FFEC3 /* PBXTargetDependency */ = {
			isa = PBXTargetDependency;
			target = FBBA97132FE80597009FFEC3 /* SPMExample */;
			targetProxy = FBBA97352FE80598009FFEC3 /* PBXContainerItemProxy */;
		};
/* End PBXTargetDependency section */

/* Begin XCBuildConfiguration section */
		FBBA973E2FE80598009FFEC3 /* Debug */ = {
			isa = XCBuildConfiguration;
			buildSettings = {
				ASSETCATALOG_COMPILER_APPICON_NAME = AppIcon;
				ASSETCATALOG_COMPILER_GLOBAL_ACCENT_COLOR_NAME = AccentColor;
				CODE_SIGN_STYLE = Automatic;
				CURRENT_PROJECT_VERSION = 1;
				DEVELOPMENT_TEAM = UQ35W3765Z;
				GENERATE_INFOPLIST_FILE = YES;
				INFOPLIST_FILE = SPMExample/Info.plist;
				INFOPLIST_KEY_UIApplicationSupportsIndirectInputEvents = YES;
				INFOPLIST_KEY_UILaunchStoryboardName = LaunchScreen;
				INFOPLIST_KEY_UIMainStoryboardFile = Main;
				INFOPLIST_KEY_UISupportedInterfaceOrientations_iPad = "UIInterfaceOrientationPortrait UIInterfaceOrientationPortraitUpsideDown UIInterfaceOrientationLandscapeLeft UIInterfaceOrientationLandscapeRight";
				INFOPLIST_KEY_UISupportedInterfaceOrientations_iPhone = "UIInterfaceOrientationPortrait UIInterfaceOrientationLandscapeLeft UIInterfaceOrientationLandscapeRight";
				LD_RUNPATH_SEARCH_PATHS = (
					"$(inherited)",
					"@executable_path/Frameworks",
				);
				MARKETING_VERSION = 1.0;
				PRODUCT_BUNDLE_IDENTIFIER = com.coo.SPMExample;
				PRODUCT_NAME = "$(TARGET_NAME)";
				STRING_CATALOG_GENERATE_SYMBOLS = YES;
				SWIFT_APPROACHABLE_CONCURRENCY = YES;
				SWIFT_DEFAULT_ACTOR_ISOLATION = MainActor;
				SWIFT_EMIT_LOC_STRINGS = YES;
				SWIFT_UPCOMING_FEATURE_MEMBER_IMPORT_VISIBILITY = YES;
				SWIFT_VERSION = 5.0;
				TARGETED_DEVICE_FAMILY = "1,2";
			};
			name = Debug;
		};
		FBBA973F2FE80598009FFEC3 /* Release */ = {
			isa = XCBuildConfiguration;
			buildSettings = {
				ASSETCATALOG_COMPILER_APPICON_NAME = AppIcon;
				ASSETCATALOG_COMPILER_GLOBAL_ACCENT_COLOR_NAME = AccentColor;
				CODE_SIGN_STYLE = Automatic;
				CURRENT_PROJECT_VERSION = 1;
				DEVELOPMENT_TEAM = UQ35W3765Z;
				GENERATE_INFOPLIST_FILE = YES;
				INFOPLIST_FILE = SPMExample/Info.plist;
				INFOPLIST_KEY_UIApplicationSupportsIndirectInputEvents = YES;
				INFOPLIST_KEY_UILaunchStoryboardName = LaunchScreen;
				INFOPLIST_KEY_UIMainStoryboardFile = Main;
				INFOPLIST_KEY_UISupportedInterfaceOrientations_iPad = "UIInterfaceOrientationPortrait UIInterfaceOrientationPortraitUpsideDown UIInterfaceOrientationLandscapeLeft UIInterfaceOrientationLandscapeRight";
				INFOPLIST_KEY_UISupportedInterfaceOrientations_iPhone = "UIInterfaceOrientationPortrait UIInterfaceOrientationLandscapeLeft UIInterfaceOrientationLandscapeRight";
				LD_RUNPATH_SEARCH_PATHS = (
					"$(inherited)",
					"@executable_path/Frameworks",
				);
				MARKETING_VERSION = 1.0;
				PRODUCT_BUNDLE_IDENTIFIER = com.coo.SPMExample;
				PRODUCT_NAME = "$(TARGET_NAME)";
				STRING_CATALOG_GENERATE_SYMBOLS = YES;
				SWIFT_APPROACHABLE_CONCURRENCY = YES;
				SWIFT_DEFAULT_ACTOR_ISOLATION = MainActor;
				SWIFT_EMIT_LOC_STRINGS = YES;
				SWIFT_UPCOMING_FEATURE_MEMBER_IMPORT_VISIBILITY = YES;
				SWIFT_VERSION = 5.0;
				TARGETED_DEVICE_FAMILY = "1,2";
			};
			name = Release;
		};
		FBBA97402FE80598009FFEC3 /* Debug */ = {
			isa = XCBuildConfiguration;
			buildSettings = {
				ALWAYS_SEARCH_USER_PATHS = NO;
				ASSETCATALOG_COMPILER_GENERATE_SWIFT_ASSET_SYMBOL_EXTENSIONS = YES;
				CLANG_ANALYZER_NONNULL = YES;
				CLANG_ANALYZER_NUMBER_OBJECT_CONVERSION = YES_AGGRESSIVE;
				CLANG_CXX_LANGUAGE_STANDARD = "gnu++20";
				CLANG_ENABLE_MODULES = YES;
				CLANG_ENABLE_OBJC_ARC = YES;
				CLANG_ENABLE_OBJC_WEAK = YES;
				CLANG_WARN_BLOCK_CAPTURE_AUTORELEASING = YES;
				CLANG_WARN_BOOL_CONVERSION = YES;
				CLANG_WARN_COMMA = YES;
				CLANG_WARN_CONSTANT_CONVERSION = YES;
				CLANG_WARN_DEPRECATED_OBJC_IMPLEMENTATIONS = YES;
				CLANG_WARN_DIRECT_OBJC_ISA_USAGE = YES_ERROR;
				CLANG_WARN_DOCUMENTATION_COMMENTS = YES;
				CLANG_WARN_EMPTY_BODY = YES;
				CLANG_WARN_ENUM_CONVERSION = YES;
				CLANG_WARN_INFINITE_RECURSION = YES;
				CLANG_WARN_INT_CONVERSION = YES;
				CLANG_WARN_NON_LITERAL_NULL_CONVERSION = YES;
				CLANG_WARN_OBJC_IMPLICIT_RETAIN_SELF = YES;
				CLANG_WARN_OBJC_LITERAL_CONVERSION = YES;
				CLANG_WARN_OBJC_ROOT_CLASS = YES_ERROR;
				CLANG_WARN_QUOTED_INCLUDE_IN_FRAMEWORK_HEADER = YES;
				CLANG_WARN_RANGE_LOOP_ANALYSIS = YES;
				CLANG_WARN_STRICT_PROTOTYPES = YES;
				CLANG_WARN_SUSPICIOUS_MOVE = YES;
				CLANG_WARN_UNGUARDED_AVAILABILITY = YES_AGGRESSIVE;
				CLANG_WARN_UNREACHABLE_CODE = YES;
				CLANG_WARN__DUPLICATE_METHOD_MATCH = YES;
				COPY_PHASE_STRIP = NO;
				DEBUG_INFORMATION_FORMAT = dwarf;
				DEVELOPMENT_TEAM = UQ35W3765Z;
				ENABLE_STRICT_OBJC_MSGSEND = YES;
				ENABLE_TESTABILITY = YES;
				ENABLE_USER_SCRIPT_SANDBOXING = YES;
				GCC_C_LANGUAGE_STANDARD = gnu17;
				GCC_DYNAMIC_NO_PIC = NO;
				GCC_NO_COMMON_BLOCKS = YES;
				GCC_OPTIMIZATION_LEVEL = 0;
				GCC_PREPROCESSOR_DEFINITIONS = (
					"DEBUG=1",
					"$(inherited)",
				);
				GCC_WARN_64_TO_32_BIT_CONVERSION = YES;
				GCC_WARN_ABOUT_RETURN_TYPE = YES_ERROR;
				GCC_WARN_UNDECLARED_SELECTOR = YES;
				GCC_WARN_UNINITIALIZED_AUTOS = YES_AGGRESSIVE;
				GCC_WARN_UNUSED_FUNCTION = YES;
				GCC_WARN_UNUSED_VARIABLE = YES;
				IPHONEOS_DEPLOYMENT_TARGET = 26.2;
				LOCALIZATION_PREFERS_STRING_CATALOGS = YES;
				MTL_ENABLE_DEBUG_INFO = INCLUDE_SOURCE;
				MTL_FAST_MATH = YES;
				ONLY_ACTIVE_ARCH = YES;
				SDKROOT = iphoneos;
				SWIFT_ACTIVE_COMPILATION_CONDITIONS = "DEBUG $(inherited)";
				SWIFT_OPTIMIZATION_LEVEL = "-Onone";
			};
			name = Debug;
		};
		FBBA97412FE80598009FFEC3 /* Release */ = {
			isa = XCBuildConfiguration;
			buildSettings = {
				ALWAYS_SEARCH_USER_PATHS = NO;
				ASSETCATALOG_COMPILER_GENERATE_SWIFT_ASSET_SYMBOL_EXTENSIONS = YES;
				CLANG_ANALYZER_NONNULL = YES;
				CLANG_ANALYZER_NUMBER_OBJECT_CONVERSION = YES_AGGRESSIVE;
				CLANG_CXX_LANGUAGE_STANDARD = "gnu++20";
				CLANG_ENABLE_MODULES = YES;
				CLANG_ENABLE_OBJC_ARC = YES;
				CLANG_ENABLE_OBJC_WEAK = YES;
				CLANG_WARN_BLOCK_CAPTURE_AUTORELEASING = YES;
				CLANG_WARN_BOOL_CONVERSION = YES;
				CLANG_WARN_COMMA = YES;
				CLANG_WARN_CONSTANT_CONVERSION = YES;
				CLANG_WARN_DEPRECATED_OBJC_IMPLEMENTATIONS = YES;
				CLANG_WARN_DIRECT_OBJC_ISA_USAGE = YES_ERROR;
				CLANG_WARN_DOCUMENTATION_COMMENTS = YES;
				CLANG_WARN_EMPTY_BODY = YES;
				CLANG_WARN_ENUM_CONVERSION = YES;
				CLANG_WARN_INFINITE_RECURSION = YES;
				CLANG_WARN_INT_CONVERSION = YES;
				CLANG_WARN_NON_LITERAL_NULL_CONVERSION = YES;
				CLANG_WARN_OBJC_IMPLICIT_RETAIN_SELF = YES;
				CLANG_WARN_OBJC_LITERAL_CONVERSION = YES;
				CLANG_WARN_OBJC_ROOT_CLASS = YES_ERROR;
				CLANG_WARN_QUOTED_INCLUDE_IN_FRAMEWORK_HEADER = YES;
				CLANG_WARN_RANGE_LOOP_ANALYSIS = YES;
				CLANG_WARN_STRICT_PROTOTYPES = YES;
				CLANG_WARN_SUSPICIOUS_MOVE = YES;
				CLANG_WARN_UNGUARDED_AVAILABILITY = YES_AGGRESSIVE;
				CLANG_WARN_UNREACHABLE_CODE = YES;
				CLANG_WARN__DUPLICATE_METHOD_MATCH = YES;
				COPY_PHASE_STRIP = NO;
				DEBUG_INFORMATION_FORMAT = "dwarf-with-dsym";
				DEVELOPMENT_TEAM = UQ35W3765Z;
				ENABLE_NS_ASSERTIONS = NO;
				ENABLE_STRICT_OBJC_MSGSEND = YES;
				ENABLE_USER_SCRIPT_SANDBOXING = YES;
				GCC_C_LANGUAGE_STANDARD = gnu17;
				GCC_NO_COMMON_BLOCKS = YES;
				GCC_WARN_64_TO_32_BIT_CONVERSION = YES;
				GCC_WARN_ABOUT_RETURN_TYPE = YES_ERROR;
				GCC_WARN_UNDECLARED_SELECTOR = YES;
				GCC_WARN_UNINITIALIZED_AUTOS = YES_AGGRESSIVE;
				GCC_WARN_UNUSED_FUNCTION = YES;
				GCC_WARN_UNUSED_VARIABLE = YES;
				IPHONEOS_DEPLOYMENT_TARGET = 26.2;
				LOCALIZATION_PREFERS_STRING_CATALOGS = YES;
				MTL_ENABLE_DEBUG_INFO = NO;
				MTL_FAST_MATH = YES;
				SDKROOT = iphoneos;
				SWIFT_COMPILATION_MODE = wholemodule;
				VALIDATE_PRODUCT = YES;
			};
			name = Release;
		};
		FBBA97432FE80598009FFEC3 /* Debug */ = {
			isa = XCBuildConfiguration;
			buildSettings = {
				BUNDLE_LOADER = "$(TEST_HOST)";
				CODE_SIGN_STYLE = Automatic;
				CURRENT_PROJECT_VERSION = 1;
				DEVELOPMENT_TEAM = UQ35W3765Z;
				GENERATE_INFOPLIST_FILE = YES;
				IPHONEOS_DEPLOYMENT_TARGET = 26.2;
				MARKETING_VERSION = 1.0;
				PRODUCT_BUNDLE_IDENTIFIER = com.coo.SPMExampleTests;
				PRODUCT_NAME = "$(TARGET_NAME)";
				STRING_CATALOG_GENERATE_SYMBOLS = NO;
				SWIFT_APPROACHABLE_CONCURRENCY = YES;
				SWIFT_EMIT_LOC_STRINGS = NO;
				SWIFT_UPCOMING_FEATURE_MEMBER_IMPORT_VISIBILITY = YES;
				SWIFT_VERSION = 5.0;
				TARGETED_DEVICE_FAMILY = "1,2";
				TEST_HOST = "$(BUILT_PRODUCTS_DIR)/SPMExample.app/$(BUNDLE_EXECUTABLE_FOLDER_PATH)/SPMExample";
			};
			name = Debug;
		};
		FBBA97442FE80598009FFEC3 /* Release */ = {
			isa = XCBuildConfiguration;
			buildSettings = {
				BUNDLE_LOADER = "$(TEST_HOST)";
				CODE_SIGN_STYLE = Automatic;
				CURRENT_PROJECT_VERSION = 1;
				DEVELOPMENT_TEAM = UQ35W3765Z;
				GENERATE_INFOPLIST_FILE = YES;
				IPHONEOS_DEPLOYMENT_TARGET = 26.2;
				MARKETING_VERSION = 1.0;
				PRODUCT_BUNDLE_IDENTIFIER = com.coo.SPMExampleTests;
				PRODUCT_NAME = "$(TARGET_NAME)";
				STRING_CATALOG_GENERATE_SYMBOLS = NO;
				SWIFT_APPROACHABLE_CONCURRENCY = YES;
				SWIFT_EMIT_LOC_STRINGS = NO;
				SWIFT_UPCOMING_FEATURE_MEMBER_IMPORT_VISIBILITY = YES;
				SWIFT_VERSION = 5.0;
				TARGETED_DEVICE_FAMILY = "1,2";
				TEST_HOST = "$(BUILT_PRODUCTS_DIR)/SPMExample.app/$(BUNDLE_EXECUTABLE_FOLDER_PATH)/SPMExample";
			};
			name = Release;
		};
		FBBA97462FE80598009FFEC3 /* Debug */ = {
			isa = XCBuildConfiguration;
			buildSettings = {
				CODE_SIGN_STYLE = Automatic;
				CURRENT_PROJECT_VERSION = 1;
				DEVELOPMENT_TEAM = UQ35W3765Z;
				GENERATE_INFOPLIST_FILE = YES;
				MARKETING_VERSION = 1.0;
				PRODUCT_BUNDLE_IDENTIFIER = com.coo.SPMExampleUITests;
				PRODUCT_NAME = "$(TARGET_NAME)";
				STRING_CATALOG_GENERATE_SYMBOLS = NO;
				SWIFT_APPROACHABLE_CONCURRENCY = YES;
				SWIFT_EMIT_LOC_STRINGS = NO;
				SWIFT_UPCOMING_FEATURE_MEMBER_IMPORT_VISIBILITY = YES;
				SWIFT_VERSION = 5.0;
				TARGETED_DEVICE_FAMILY = "1,2";
				TEST_TARGET_NAME = SPMExample;
			};
			name = Debug;
		};
		FBBA97472FE80598009FFEC3 /* Release */ = {
			isa = XCBuildConfiguration;
			buildSettings = {
				CODE_SIGN_STYLE = Automatic;
				CURRENT_PROJECT_VERSION = 1;
				DEVELOPMENT_TEAM = UQ35W3765Z;
				GENERATE_INFOPLIST_FILE = YES;
				MARKETING_VERSION = 1.0;
				PRODUCT_BUNDLE_IDENTIFIER = com.coo.SPMExampleUITests;
				PRODUCT_NAME = "$(TARGET_NAME)";
				STRING_CATALOG_GENERATE_SYMBOLS = NO;
				SWIFT_APPROACHABLE_CONCURRENCY = YES;
				SWIFT_EMIT_LOC_STRINGS = NO;
				SWIFT_UPCOMING_FEATURE_MEMBER_IMPORT_VISIBILITY = YES;
				SWIFT_VERSION = 5.0;
				TARGETED_DEVICE_FAMILY = "1,2";
				TEST_TARGET_NAME = SPMExample;
			};
			name = Release;
		};
/* End XCBuildConfiguration section */

/* Begin XCConfigurationList section */
		FBBA970F2FE80597009FFEC3 /* Build configuration list for PBXProject "SPMExample" */ = {
			isa = XCConfigurationList;
			buildConfigurations = (
				FBBA97402FE80598009FFEC3 /* Debug */,
				FBBA97412FE80598009FFEC3 /* Release */,
			);
			defaultConfigurationIsVisible = 0;
			defaultConfigurationName = Release;
		};
		FBBA973D2FE80598009FFEC3 /* Build configuration list for PBXNativeTarget "SPMExample" */ = {
			isa = XCConfigurationList;
			buildConfigurations = (
				FBBA973E2FE80598009FFEC3 /* Debug */,
				FBBA973F2FE80598009FFEC3 /* Release */,
			);
			defaultConfigurationIsVisible = 0;
			defaultConfigurationName = Release;
		};
		FBBA97422FE80598009FFEC3 /* Build configuration list for PBXNativeTarget "SPMExampleTests" */ = {
			isa = XCConfigurationList;
			buildConfigurations = (
				FBBA97432FE80598009FFEC3 /* Debug */,
				FBBA97442FE80598009FFEC3 /* Release */,
			);
			defaultConfigurationIsVisible = 0;
			defaultConfigurationName = Release;
		};
		FBBA97452FE80598009FFEC3 /* Build configuration list for PBXNativeTarget "SPMExampleUITests" */ = {
			isa = XCConfigurationList;
			buildConfigurations = (
				FBBA97462FE80598009FFEC3 /* Debug */,
				FBBA97472FE80598009FFEC3 /* Release */,
			);
			defaultConfigurationIsVisible = 0;
			defaultConfigurationName = Release;
		};
/* End XCConfigurationList section */

/* Begin XCLocalSwiftPackageReference section */
		197A958BB5FAEB325867D2B2 /* XCLocalSwiftPackageReference ".." */ = {
			isa = XCLocalSwiftPackageReference;
			relativePath = ../../;
		};
/* End XCLocalSwiftPackageReference section */

/* Begin XCSwiftPackageProductDependency section */
		9EB49219D493AEC683ED12AF /* iOSExploreServer */ = {
			isa = XCSwiftPackageProductDependency;
			package = 197A958BB5FAEB325867D2B2 /* XCLocalSwiftPackageReference ".." */;
			productName = iOSExploreServer;
		};
/* End XCSwiftPackageProductDependency section */
	};
	rootObject = FBBA970C2FE80597009FFEC3 /* Project object */;
}
